dependencies:
- name: keycloak-realms
  repository: file://../keycloak-realms
  version: 1.0.0
- name: poolparty-elasticsearch
  repository: file://../poolparty-elasticsearch
  version: 1.0.0
- name: graphdb
  repository: file://../graphdb
  version: 1.0.0
- name: graphdb
  repository: file://../graphdb
  version: 1.0.0
- name: poolparty
  repository: file://../poolparty
  version: 1.0.0
- name: console
  repository: file://../console
  version: 1.0.0
- name: addons
  repository: file://../addons
  version: 1.0.0
digest: sha256:56309710b67ff2f2f25f5bc7649a04881531e00466ad00cf3ace3687ff8b29c0
generated: "2026-05-01T13:25:37.616483-07:00"
